<?xml version="1.0" encoding="UTF-8"?>
<Scheme
   version = "1.3">
   <BuildAction>
      <BuildActionEntries>
         <BuildActionEntry
            buildForRunning = "YES">
            <BuildableReference
               BuildableIdentifier = "primary"
               BlueprintIdentifier = "D9A71C791ADF5F6500799E32"
               BuildableName = "BYTGithub.app"
               BlueprintName = "BYTGithub"
               ReferencedContainer = "container:BYTGithub.xcodeproj">
            </BuildableReference>
         </BuildActionEntry>
      </BuildActionEntries>
   </BuildAction>
   <LaunchAction
      useCustomWorkingDirectory = "NO"
      buildConfiguration = "Debug">
      <BuildableProductRunnable>
         <BuildableReference
            BuildableIdentifier = "primary"
            BlueprintIdentifier = "D9A71C791ADF5F6500799E32"
            BuildableName = "BYTGithub.app"
            BlueprintName = "BYTGithub"
            ReferencedContainer = "container:BYTGithub.xcodeproj">
         </BuildableReference>
      </BuildableProductRunnable>
   </LaunchAction>
</Scheme>
